
Microsoft Visual Studio Solution File, Format Version 12.00
# Visual Studio Version 16
VisualStudioVersion = 16.0.29503.13
MinimumVisualStudioVersion = 10.0.40219.1
Project("{FAE04EC0-301F-11D3-BF4B-00C04F79EFBC}") = "GrpcGreeter", "GrpcGreeter.csproj", "{4EC13CE1-B633-4DB3-95C3-C29E971AC82B}"
EndProject
Project("{FAE04EC0-301F-11D3-BF4B-00C04F79EFBC}") = "GrpcGreeterClient", "..\GrpcGreeterClient\GrpcGreeterClient.csproj", "{75EA2389-2542-4B88-BFDB-E1B390E6FFBC}"
EndProject
Global
	GlobalSection(SolutionConfigurationPlatforms) = preSolution
		Debug|Any CPU = Debug|Any CPU
		Release|Any CPU = Release|Any CPU
	EndGlobalSection
	GlobalSection(ProjectConfigurationPlatforms) = postSolution
		{4EC13CE1-B633-4DB3-95C3-C29E971AC82B}.Debug|Any CPU.ActiveCfg = Debug|Any CPU
		{4EC13CE1-B633-4DB3-95C3-C29E971AC82B}.Debug|Any CPU.Build.0 = Debug|Any CPU
		{4EC13CE1-B633-4DB3-95C3-C29E971AC82B}.Release|Any CPU.ActiveCfg = Release|Any CPU
		{4EC13CE1-B633-4DB3-95C3-C29E971AC82B}.Release|Any CPU.Build.0 = Release|Any CPU
		{75EA2389-2542-4B88-BFDB-E1B390E6FFBC}.Debug|Any CPU.ActiveCfg = Debug|Any CPU
		{75EA2389-2542-4B88-BFDB-E1B390E6FFBC}.Debug|Any CPU.Build.0 = Debug|Any CPU
		{75EA2389-2542-4B88-BFDB-E1B390E6FFBC}.Release|Any CPU.ActiveCfg = Release|Any CPU
		{75EA2389-2542-4B88-BFDB-E1B390E6FFBC}.Release|Any CPU.Build.0 = Release|Any CPU
	EndGlobalSection
	GlobalSection(SolutionProperties) = preSolution
		HideSolutionNode = FALSE
	EndGlobalSection
	GlobalSection(ExtensibilityGlobals) = postSolution
		SolutionGuid = {B54C386B-0FD3-4639-BB1B-2E32B32BD74C}
	EndGlobalSection
EndGlobal
