
Microsoft Visual Studio Solution File, Format Version 12.00
# Visual Studio Version 16
VisualStudioVersion = 16.0.29609.76
MinimumVisualStudioVersion = 10.0.40219.1
Project("{FAE04EC0-301F-11D3-BF4B-00C04F79EFBC}") = "PostComment", "PostComment.csproj", "{0584121D-03DC-48F4-B496-A22126B55189}"
EndProject
Project("{FAE04EC0-301F-11D3-BF4B-00C04F79EFBC}") = "ObjectWCF", "..\ObjectWCF\ObjectWCF.csproj", "{31B072F1-BE17-418A-ABC0-07AF68EC13BD}"
EndProject
Project("{FAE04EC0-301F-11D3-BF4B-00C04F79EFBC}") = "HostWCF", "..\HostWCF\HostWCF.csproj", "{AD75F015-1B82-4C11-9093-B78E2B32AD1C}"
EndProject
Project("{FAE04EC0-301F-11D3-BF4B-00C04F79EFBC}") = "ClientPostComment", "..\ClientPostComment\ClientPostComment.csproj", "{36C71AF0-41BC-4D66-B776-ACD36C96E2FD}"
EndProject
Global
	GlobalSection(SolutionConfigurationPlatforms) = preSolution
		Debug|Any CPU = Debug|Any CPU
		Release|Any CPU = Release|Any CPU
	EndGlobalSection
	GlobalSection(ProjectConfigurationPlatforms) = postSolution
		{0584121D-03DC-48F4-B496-A22126B55189}.Debug|Any CPU.ActiveCfg = Debug|Any CPU
		{0584121D-03DC-48F4-B496-A22126B55189}.Debug|Any CPU.Build.0 = Debug|Any CPU
		{0584121D-03DC-48F4-B496-A22126B55189}.Release|Any CPU.ActiveCfg = Release|Any CPU
		{0584121D-03DC-48F4-B496-A22126B55189}.Release|Any CPU.Build.0 = Release|Any CPU
		{31B072F1-BE17-418A-ABC0-07AF68EC13BD}.Debug|Any CPU.ActiveCfg = Debug|Any CPU
		{31B072F1-BE17-418A-ABC0-07AF68EC13BD}.Debug|Any CPU.Build.0 = Debug|Any CPU
		{31B072F1-BE17-418A-ABC0-07AF68EC13BD}.Release|Any CPU.ActiveCfg = Release|Any CPU
		{31B072F1-BE17-418A-ABC0-07AF68EC13BD}.Release|Any CPU.Build.0 = Release|Any CPU
		{AD75F015-1B82-4C11-9093-B78E2B32AD1C}.Debug|Any CPU.ActiveCfg = Debug|Any CPU
		{AD75F015-1B82-4C11-9093-B78E2B32AD1C}.Debug|Any CPU.Build.0 = Debug|Any CPU
		{AD75F015-1B82-4C11-9093-B78E2B32AD1C}.Release|Any CPU.ActiveCfg = Release|Any CPU
		{AD75F015-1B82-4C11-9093-B78E2B32AD1C}.Release|Any CPU.Build.0 = Release|Any CPU
		{36C71AF0-41BC-4D66-B776-ACD36C96E2FD}.Debug|Any CPU.ActiveCfg = Debug|Any CPU
		{36C71AF0-41BC-4D66-B776-ACD36C96E2FD}.Debug|Any CPU.Build.0 = Debug|Any CPU
		{36C71AF0-41BC-4D66-B776-ACD36C96E2FD}.Release|Any CPU.ActiveCfg = Release|Any CPU
		{36C71AF0-41BC-4D66-B776-ACD36C96E2FD}.Release|Any CPU.Build.0 = Release|Any CPU
	EndGlobalSection
	GlobalSection(SolutionProperties) = preSolution
		HideSolutionNode = FALSE
	EndGlobalSection
	GlobalSection(ExtensibilityGlobals) = postSolution
		SolutionGuid = {E1F8AE0C-A53C-4DEB-88BA-51C49628DD45}
	EndGlobalSection
EndGlobal
